// !$*UTF8*$!
{
	archiveVersion = 1;
	classes = {
	};
	objectVersion = 50;
	objects = {

/* Begin PBXBuildFile section */
		DD607E90252413200073BC47 /* AppDelegate.swift in Sources */ = {isa = PBXBuildFile; fileRef = DD607E8F252413200073BC47 /* AppDelegate.swift */; };
		DD607E92252413200073BC47 /* SceneDelegate.swift in Sources */ = {isa = PBXBuildFile; fileRef = DD607E91252413200073BC47 /* SceneDelegate.swift */; };
		DD607E94252413200073BC47 /* ViewController.swift in Sources */ = {isa = PBXBuildFile; fileRef = DD607E93252413200073BC47 /* ViewController.swift */; };
		DD607E97252413200073BC47 /* Main.storyboard in Resources */ = {isa = PBXBuildFile; fileRef = DD607E95252413200073BC47 /* Main.storyboard */; };
		DD607E9A252413200073BC47 /* firebaseSocialLoginPractice.xcdatamodeld in Sources */ = {isa = PBXBuildFile; fileRef = DD607E98252413200073BC47 /* firebaseSocialLoginPractice.xcdatamodeld */; };
		DD607E9C252413220073BC47 /* Assets.xcassets in Resources */ = {isa = PBXBuildFile; fileRef = DD607E9B252413220073BC47 /* Assets.xcassets */; };
		DD607E9F252413220073BC47 /* LaunchScreen.storyboard in Resources */ = {isa = PBXBuildFile; fileRef = DD607E9D252413220073BC47 /* LaunchScreen.storyboard */; };
/* End PBXBuildFile section */

/* Begin PBXFileReference section */
		DD607E8C252413200073BC47 /* firebaseSocialLoginPractice.app */ = {isa = PBXFileReference; explicitFileType = wrapper.application; includeInIndex = 0; path = firebaseSocialLoginPractice.app; sourceTree = BUILT_PRODUCTS_DIR; };
		DD607E8F252413200073BC47 /* AppDelegate.swift */ = {isa = PBXFileReference; lastKnownFileType = sourcecode.swift; path = AppDelegate.swift; sourceTree = "<group>"; };
		DD607E91252413200073BC47 /* SceneDelegate.swift */ = {isa = PBXFileReference; lastKnownFileType = sourcecode.swift; path = SceneDelegate.swift; sourceTree = "<group>"; };
		DD607E93252413200073BC47 /* ViewController.swift */ = {isa = PBXFileReference; lastKnownFileType = sourcecode.swift; path = ViewController.swift; sourceTree = "<group>"; };
		DD607E96252413200073BC47 /* Base */ = {isa = PBXFileReference; lastKnownFileType = file.storyboard; name = Base; path = Base.lproj/Main.storyboard; sourceTree = "<group>"; };
		DD607E99252413200073BC47 /* firebaseSocialLoginPractice.xcdatamodel */ = {isa = PBXFileReference; lastKnownFileType = wrapper.xcdatamodel; path = firebaseSocialLoginPractice.xcdatamodel; sourceTree = "<group>"; };
		DD607E9B252413220073BC47 /* Assets.xcassets */ = {isa = PBXFileReference; lastKnownFileType = folder.assetcatalog; path = Assets.xcassets; sourceTree = "<group>"; };
		DD607E9E252413220073BC47 /* Base */ = {isa = PBXFileReference; lastKnownFileType = file.storyboard; name = Base; path = Base.lproj/LaunchScreen.storyboard; sourceTree = "<group>"; };
		DD607EA0252413220073BC47 /* Info.plist */ = {isa = PBXFileReference; lastKnownFileType = text.plist.xml; path = Info.plist; sourceTree = "<group>"; };
/* End PBXFileReference section */

/* Begin PBXFrameworksBuildPhase section */
		DD607E89252413200073BC47 /* Frameworks */ = {
			isa = PBXFrameworksBuildPhase;
			buildActionMask = 2147483647;
			files = (
			);
			runOnlyForDeploymentPostprocessing = 0;
		};
/* End PBXFrameworksBuildPhase section */

/* Begin PBXGroup section */
		DD607E83252413200073BC47 = {
			isa = PBXGroup;
			children = (
				DD607E8E252413200073BC47 /* firebaseSocialLoginPractice */,
				DD607E8D252413200073BC47 /* Products */,
			);
			sourceTree = "<group>";
		};
		DD607E8D252413200073BC47 /* Products */ = {
			isa = PBXGroup;
			children = (
				DD607E8C252413200073BC47 /* firebaseSocialLoginPractice.app */,
			);
			name = Products;
			sourceTree = "<group>";
		};
		DD607E8E252413200073BC47 /* firebaseSocialLoginPractice */ = {
			isa = PBXGroup;
			children = (
				DD607E8F252413200073BC47 /* AppDelegate.swift */,
				DD607E91252413200073BC47 /* SceneDelegate.swift */,
				DD607E93252413200073BC47 /* ViewController.swift */,
				DD607E95252413200073BC47 /* Main.storyboard */,
				DD607E9B252413220073BC47 /* Assets.xcassets */,
				DD607E9D252413220073BC47 /* LaunchScreen.storyboard */,
				DD607EA0252413220073BC47 /* Info.plist */,
				DD607E98252413200073BC47 /* firebaseSocialLoginPractice.xcdatamodeld */,
			);
			path = firebaseSocialLoginPractice;
			sourceTree = "<group>";
		};
/* End PBXGroup section */

/* Begin PBXNativeTarget section */
		DD607E8B252413200073BC47 /* firebaseSocialLoginPractice */ = {
			isa = PBXNativeTarget;
			buildConfigurationList = DD607EA3252413220073BC47 /* Build configuration list for PBXNativeTarget "firebaseSocialLoginPractice" */;
			buildPhases = (
				DD607E88252413200073BC47 /* Sources */,
				DD607E89252413200073BC47 /* Frameworks */,
				DD607E8A252413200073BC47 /* Resources */,
			);
			buildRules = (
			);
			dependencies = (
			);
			name = firebaseSocialLoginPractice;
			productName = firebaseSocialLoginPractice;
			productReference = DD607E8C252413200073BC47 /* firebaseSocialLoginPractice.app */;
			productType = "com.apple.product-type.application";
		};
/* End PBXNativeTarget section */

/* Begin PBXProject section */
		DD607E84252413200073BC47 /* Project object */ = {
			isa = PBXProject;
			attributes = {
				LastSwiftUpdateCheck = 1170;
				LastUpgradeCheck = 1170;
				ORGANIZATIONNAME = com.dltic;
				TargetAttributes = {
					DD607E8B252413200073BC47 = {
						CreatedOnToolsVersion = 11.7;
					};
				};
			};
			buildConfigurationList = DD607E87252413200073BC47 /* Build configuration list for PBXProject "firebaseSocialLoginPractice" */;
			compatibilityVersion = "Xcode 9.3";
			developmentRegion = en;
			hasScannedForEncodings = 0;
			knownRegions = (
				en,
				Base,
			);
			mainGroup = DD607E83252413200073BC47;
			productRefGroup = DD607E8D252413200073BC47 /* Products */;
			projectDirPath = "";
			projectRoot = "";
			targets = (
				DD607E8B252413200073BC47 /* firebaseSocialLoginPractice */,
			);
		};
/* End PBXProject section */

/* Begin PBXResourcesBuildPhase section */
		DD607E8A252413200073BC47 /* Resources */ = {
			isa = PBXResourcesBuildPhase;
			buildActionMask = 2147483647;
			files = (
				DD607E9F252413220073BC47 /* LaunchScreen.storyboard in Resources */,
				DD607E9C252413220073BC47 /* Assets.xcassets in Resources */,
				DD607E97252413200073BC47 /* Main.storyboard in Resources */,
			);
			runOnlyForDeploymentPostprocessing = 0;
		};
/* End PBXResourcesBuildPhase section */

/* Begin PBXSourcesBuildPhase section */
		DD607E88252413200073BC47 /* Sources */ = {
			isa = PBXSourcesBuildPhase;
			buildActionMask = 2147483647;
			files = (
				DD607E9A252413200073BC47 /* firebaseSocialLoginPractice.xcdatamodeld in Sources */,
				DD607E94252413200073BC47 /* ViewController.swift in Sources */,
				DD607E90252413200073BC47 /* AppDelegate.swift in Sources */,
				DD607E92252413200073BC47 /* SceneDelegate.swift in Sources */,
			);
			runOnlyForDeploymentPostprocessing = 0;
		};
/* End PBXSourcesBuildPhase section */

/* Begin PBXVariantGroup section */
		DD607E95252413200073BC47 /* Main.storyboard */ = {
			isa = PBXVariantGroup;
			children = (
				DD607E96252413200073BC47 /* Base */,
			);
			name = Main.storyboard;
			sourceTree = "<group>";
		};
		DD607E9D252413220073BC47 /* LaunchScreen.storyboard */ = {
			isa = PBXVariantGroup;
			children = (
				DD607E9E252413220073BC47 /* Base */,
			);
			name = LaunchScreen.storyboard;
			sourceTree = "<group>";
		};
/* End PBXVariantGroup section */

/* Begin XCBuildConfiguration section */
		DD607EA1252413220073BC47 /* Debug */ = {
			isa = XCBuildConfiguration;
			buildSettings = {
				ALWAYS_SEARCH_USER_PATHS = NO;
				CLANG_ANALYZER_NONNULL = YES;
				CLANG_ANALYZER_NUMBER_OBJECT_CONVERSION = YES_AGGRESSIVE;
				CLANG_CXX_LANGUAGE_STANDARD = "gnu++14";
				CLANG_CXX_LIBRARY = "libc++";
				CLANG_ENABLE_MODULES = YES;
				CLANG_ENABLE_OBJC_ARC = YES;
				CLANG_ENABLE_OBJC_WEAK = YES;
				CLANG_WARN_BLOCK_CAPTURE_AUTORELEASING = YES;
				CLANG_WARN_BOOL_CONVERSION = YES;
				CLANG_WARN_COMMA = YES;
				CLANG_WARN_CONSTANT_CONVERSION = YES;
				CLANG_WARN_DEPRECATED_OBJC_IMPLEMENTATIONS = YES;
				CLANG_WARN_DIRECT_OBJC_ISA_USAGE = YES_ERROR;
				CLANG_WARN_DOCUMENTATION_COMMENTS = YES;
				CLANG_WARN_EMPTY_BODY = YES;
				CLANG_WARN_ENUM_CONVERSION = YES;
				CLANG_WARN_INFINITE_RECURSION = YES;
				CLANG_WARN_INT_CONVERSION = YES;
				CLANG_WARN_NON_LITERAL_NULL_CONVERSION = YES;
				CLANG_WARN_OBJC_IMPLICIT_RETAIN_SELF = YES;
				CLANG_WARN_OBJC_LITERAL_CONVERSION = YES;
				CLANG_WARN_OBJC_ROOT_CLASS = YES_ERROR;
				CLANG_WARN_RANGE_LOOP_ANALYSIS = YES;
				CLANG_WARN_STRICT_PROTOTYPES = YES;
				CLANG_WARN_SUSPICIOUS_MOVE = YES;
				CLANG_WARN_UNGUARDED_AVAILABILITY = YES_AGGRESSIVE;
				CLANG_WARN_UNREACHABLE_CODE = YES;
				CLANG_WARN__DUPLICATE_METHOD_MATCH = YES;
				COPY_PHASE_STRIP = NO;
				DEBUG_INFORMATION_FORMAT = dwarf;
				ENABLE_STRICT_OBJC_MSGSEND = YES;
				ENABLE_TESTABILITY = YES;
				GCC_C_LANGUAGE_STANDARD = gnu11;
				GCC_DYNAMIC_NO_PIC = NO;
				GCC_NO_COMMON_BLOCKS = YES;
				GCC_OPTIMIZATION_LEVEL = 0;
				GCC_PREPROCESSOR_DEFINITIONS = (
					"DEBUG=1",
					"$(inherited)",
				);
				GCC_WARN_64_TO_32_BIT_CONVERSION = YES;
				GCC_WARN_ABOUT_RETURN_TYPE = YES_ERROR;
				GCC_WARN_UNDECLARED_SELECTOR = YES;
				GCC_WARN_UNINITIALIZED_AUTOS = YES_AGGRESSIVE;
				GCC_WARN_UNUSED_FUNCTION = YES;
				GCC_WARN_UNUSED_VARIABLE = YES;
				IPHONEOS_DEPLOYMENT_TARGET = 13.7;
				MTL_ENABLE_DEBUG_INFO = INCLUDE_SOURCE;
				MTL_FAST_MATH = YES;
				ONLY_ACTIVE_ARCH = YES;
				SDKROOT = iphoneos;
				SWIFT_ACTIVE_COMPILATION_CONDITIONS = DEBUG;
				SWIFT_OPTIMIZATION_LEVEL = "-Onone";
			};
			name = Debug;
		};
		DD607EA2252413220073BC47 /* Release */ = {
			isa = XCBuildConfiguration;
			buildSettings = {
				ALWAYS_SEARCH_USER_PATHS = NO;
				CLANG_ANALYZER_NONNULL = YES;
				CLANG_ANALYZER_NUMBER_OBJECT_CONVERSION = YES_AGGRESSIVE;
				CLANG_CXX_LANGUAGE_STANDARD = "gnu++14";
				CLANG_CXX_LIBRARY = "libc++";
				CLANG_ENABLE_MODULES = YES;
				CLANG_ENABLE_OBJC_ARC = YES;
				CLANG_ENABLE_OBJC_WEAK = YES;
				CLANG_WARN_BLOCK_CAPTURE_AUTORELEASING = YES;
				CLANG_WARN_BOOL_CONVERSION = YES;
				CLANG_WARN_COMMA = YES;
				CLANG_WARN_CONSTANT_CONVERSION = YES;
				CLANG_WARN_DEPRECATED_OBJC_IMPLEMENTATIONS = YES;
				CLANG_WARN_DIRECT_OBJC_ISA_USAGE = YES_ERROR;
				CLANG_WARN_DOCUMENTATION_COMMENTS = YES;
				CLANG_WARN_EMPTY_BODY = YES;
				CLANG_WARN_ENUM_CONVERSION = YES;
				CLANG_WARN_INFINITE_RECURSION = YES;
				CLANG_WARN_INT_CONVERSION = YES;
				CLANG_WARN_NON_LITERAL_NULL_CONVERSION = YES;
				CLANG_WARN_OBJC_IMPLICIT_RETAIN_SELF = YES;
				CLANG_WARN_OBJC_LITERAL_CONVERSION = YES;
				CLANG_WARN_OBJC_ROOT_CLASS = YES_ERROR;
				CLANG_WARN_RANGE_LOOP_ANALYSIS = YES;
				CLANG_WARN_STRICT_PROTOTYPES = YES;
				CLANG_WARN_SUSPICIOUS_MOVE = YES;
				CLANG_WARN_UNGUARDED_AVAILABILITY = YES_AGGRESSIVE;
				CLANG_WARN_UNREACHABLE_CODE = YES;
				CLANG_WARN__DUPLICATE_METHOD_MATCH = YES;
				COPY_PHASE_STRIP = NO;
				DEBUG_INFORMATION_FORMAT = "dwarf-with-dsym";
				ENABLE_NS_ASSERTIONS = NO;
				ENABLE_STRICT_OBJC_MSGSEND = YES;
				GCC_C_LANGUAGE_STANDARD = gnu11;
				GCC_NO_COMMON_BLOCKS = YES;
				GCC_WARN_64_TO_32_BIT_CONVERSION = YES;
				GCC_WARN_ABOUT_RETURN_TYPE = YES_ERROR;
				GCC_WARN_UNDECLARED_SELECTOR = YES;
				GCC_WARN_UNINITIALIZED_AUTOS = YES_AGGRESSIVE;
				GCC_WARN_UNUSED_FUNCTION = YES;
				GCC_WARN_UNUSED_VARIABLE = YES;
				IPHONEOS_DEPLOYMENT_TARGET = 13.7;
				MTL_ENABLE_DEBUG_INFO = NO;
				MTL_FAST_MATH = YES;
				SDKROOT = iphoneos;
				SWIFT_COMPILATION_MODE = wholemodule;
				SWIFT_OPTIMIZATION_LEVEL = "-O";
				VALIDATE_PRODUCT = YES;
			};
			name = Release;
		};
		DD607EA4252413220073BC47 /* Debug */ = {
			isa = XCBuildConfiguration;
			buildSettings = {
				ASSETCATALOG_COMPILER_APPICON_NAME = AppIcon;
				CODE_SIGN_STYLE = Automatic;
				DEVELOPMENT_TEAM = 75Z834AYX6;
				INFOPLIST_FILE = firebaseSocialLoginPractice/Info.plist;
				LD_RUNPATH_SEARCH_PATHS = (
					"$(inherited)",
					"@executable_path/Frameworks",
				);
				PRODUCT_BUNDLE_IDENTIFIER = com.dltic.firebaseSocialLoginPractice;
				PRODUCT_NAME = "$(TARGET_NAME)";
				SWIFT_VERSION = 5.0;
				TARGETED_DEVICE_FAMILY = "1,2";
			};
			name = Debug;
		};
		DD607EA5252413220073BC47 /* Release */ = {
			isa = XCBuildConfiguration;
			buildSettings = {
				ASSETCATALOG_COMPILER_APPICON_NAME = AppIcon;
				CODE_SIGN_STYLE = Automatic;
				DEVELOPMENT_TEAM = 75Z834AYX6;
				INFOPLIST_FILE = firebaseSocialLoginPractice/Info.plist;
				LD_RUNPATH_SEARCH_PATHS = (
					"$(inherited)",
					"@executable_path/Frameworks",
				);
				PRODUCT_BUNDLE_IDENTIFIER = com.dltic.firebaseSocialLoginPractice;
				PRODUCT_NAME = "$(TARGET_NAME)";
				SWIFT_VERSION = 5.0;
				TARGETED_DEVICE_FAMILY = "1,2";
			};
			name = Release;
		};
/* End XCBuildConfiguration section */

/* Begin XCConfigurationList section */
		DD607E87252413200073BC47 /* Build configuration list for PBXProject "firebaseSocialLoginPractice" */ = {
			isa = XCConfigurationList;
			buildConfigurations = (
				DD607EA1252413220073BC47 /* Debug */,
				DD607EA2252413220073BC47 /* Release */,
			);
			defaultConfigurationIsVisible = 0;
			defaultConfigurationName = Release;
		};
		DD607EA3252413220073BC47 /* Build configuration list for PBXNativeTarget "firebaseSocialLoginPractice" */ = {
			isa = XCConfigurationList;
			buildConfigurations = (
				DD607EA4252413220073BC47 /* Debug */,
				DD607EA5252413220073BC47 /* Release */,
			);
			defaultConfigurationIsVisible = 0;
			defaultConfigurationName = Release;
		};
/* End XCConfigurationList section */

/* Begin XCVersionGroup section */
		DD607E98252413200073BC47 /* firebaseSocialLoginPractice.xcdatamodeld */ = {
			isa = XCVersionGroup;
			children = (
				DD607E99252413200073BC47 /* firebaseSocialLoginPractice.xcdatamodel */,
			);
			currentVersion = DD607E99252413200073BC47 /* firebaseSocialLoginPractice.xcdatamodel */;
			path = firebaseSocialLoginPractice.xcdatamodeld;
			sourceTree = "<group>";
			versionGroupType = wrapper.xcdatamodel;
		};
/* End XCVersionGroup section */
	};
	rootObject = DD607E84252413200073BC47 /* Project object */;
}
