// !$*UTF8*$!
{
	archiveVersion = 1;
	classes = {
	};
	objectVersion = 51;
	objects = {

/* Begin PBXBuildFile section */
		163576BB3B042EC18D221F83 /* Pods_firebaseSocialLoginPractice.framework in Frameworks */ = {isa = PBXBuildFile; fileRef = 0F3EED38B5C3CA13EEB77ED9 /* Pods_firebaseSocialLoginPractice.framework */; };
		DD607E90252413200073BC47 /* AppDelegate.swift in Sources */ = {isa = PBXBuildFile; fileRef = DD607E8F252413200073BC47 /* AppDelegate.swift */; };
		DD607E92252413200073BC47 /* SceneDelegate.swift in Sources */ = {isa = PBXBuildFile; fileRef = DD607E91252413200073BC47 /* SceneDelegate.swift */; };
		DD607E94252413200073BC47 /* ViewController.swift in Sources */ = {isa = PBXBuildFile; fileRef = DD607E93252413200073BC47 /* ViewController.swift */; };
		DD607E9A252413200073BC47 /* firebaseSocialLoginPractice.xcdatamodeld in Sources */ = {isa = PBXBuildFile; fileRef = DD607E98252413200073BC47 /* firebaseSocialLoginPractice.xcdatamodeld */; };
		DD607E9C252413220073BC47 /* Assets.xcassets in Resources */ = {isa = PBXBuildFile; fileRef = DD607E9B252413220073BC47 /* Assets.xcassets */; };
		DD607E9F252413220073BC47 /* LaunchScreen.storyboard in Resources */ = {isa = PBXBuildFile; fileRef = DD607E9D252413220073BC47 /* LaunchScreen.storyboard */; };
		DD607EA7252415FF0073BC47 /* GoogleService-Info.plist in Resources */ = {isa = PBXBuildFile; fileRef = DD607EA6252415FF0073BC47 /* GoogleService-Info.plist */; };
		DD607EA9252427A10073BC47 /* MainTableBarController.swift in Sources */ = {isa = PBXBuildFile; fileRef = DD607EA8252427A10073BC47 /* MainTableBarController.swift */; };
		DD607EAB252429040073BC47 /* HomeController.swift in Sources */ = {isa = PBXBuildFile; fileRef = DD607EAA252429040073BC47 /* HomeController.swift */; };
		DD607EAD2524296B0073BC47 /* UserProfileController.swift in Sources */ = {isa = PBXBuildFile; fileRef = DD607EAC2524296B0073BC47 /* UserProfileController.swift */; };
		DD607EAF252435A00073BC47 /* Service.swift in Sources */ = {isa = PBXBuildFile; fileRef = DD607EAE252435A00073BC47 /* Service.swift */; };
		DD607EB1252452BB0073BC47 /* WelcomeController.swift in Sources */ = {isa = PBXBuildFile; fileRef = DD607EB0252452BB0073BC47 /* WelcomeController.swift */; };
/* End PBXBuildFile section */

/* Begin PBXFileReference section */
		0F3EED38B5C3CA13EEB77ED9 /* Pods_firebaseSocialLoginPractice.framework */ = {isa = PBXFileReference; explicitFileType = wrapper.framework; includeInIndex = 0; path = Pods_firebaseSocialLoginPractice.framework; sourceTree = BUILT_PRODUCTS_DIR; };
		1ADE9C1B9F6DBB9DDD4DB299 /* Pods-firebaseSocialLoginPractice.release.xcconfig */ = {isa = PBXFileReference; includeInIndex = 1; lastKnownFileType = text.xcconfig; name = "Pods-firebaseSocialLoginPractice.release.xcconfig"; path = "Target Support Files/Pods-firebaseSocialLoginPractice/Pods-firebaseSocialLoginPractice.release.xcconfig"; sourceTree = "<group>"; };
		1F0828C845D719AC515D2B5A /* Pods-firebaseSocialLoginPractice.debug.xcconfig */ = {isa = PBXFileReference; includeInIndex = 1; lastKnownFileType = text.xcconfig; name = "Pods-firebaseSocialLoginPractice.debug.xcconfig"; path = "Target Support Files/Pods-firebaseSocialLoginPractice/Pods-firebaseSocialLoginPractice.debug.xcconfig"; sourceTree = "<group>"; };
		DD607E8C252413200073BC47 /* firebaseSocialLoginPractice.app */ = {isa = PBXFileReference; explicitFileType = wrapper.application; includeInIndex = 0; path = firebaseSocialLoginPractice.app; sourceTree = BUILT_PRODUCTS_DIR; };
		DD607E8F252413200073BC47 /* AppDelegate.swift */ = {isa = PBXFileReference; lastKnownFileType = sourcecode.swift; path = AppDelegate.swift; sourceTree = "<group>"; };
		DD607E91252413200073BC47 /* SceneDelegate.swift */ = {isa = PBXFileReference; lastKnownFileType = sourcecode.swift; path = SceneDelegate.swift; sourceTree = "<group>"; };
		DD607E93252413200073BC47 /* ViewController.swift */ = {isa = PBXFileReference; lastKnownFileType = sourcecode.swift; path = ViewController.swift; sourceTree = "<group>"; };
		DD607E99252413200073BC47 /* firebaseSocialLoginPractice.xcdatamodel */ = {isa = PBXFileReference; lastKnownFileType = wrapper.xcdatamodel; path = firebaseSocialLoginPractice.xcdatamodel; sourceTree = "<group>"; };
		DD607E9B252413220073BC47 /* Assets.xcassets */ = {isa = PBXFileReference; lastKnownFileType = folder.assetcatalog; path = Assets.xcassets; sourceTree = "<group>"; };
		DD607E9E252413220073BC47 /* Base */ = {isa = PBXFileReference; lastKnownFileType = file.storyboard; name = Base; path = Base.lproj/LaunchScreen.storyboard; sourceTree = "<group>"; };
		DD607EA0252413220073BC47 /* Info.plist */ = {isa = PBXFileReference; lastKnownFileType = text.plist.xml; path = Info.plist; sourceTree = "<group>"; };
		DD607EA6252415FF0073BC47 /* GoogleService-Info.plist */ = {isa = PBXFileReference; fileEncoding = 4; lastKnownFileType = text.plist.xml; path = "GoogleService-Info.plist"; sourceTree = "<group>"; };
		DD607EA8252427A10073BC47 /* MainTableBarController.swift */ = {isa = PBXFileReference; lastKnownFileType = sourcecode.swift; path = MainTableBarController.swift; sourceTree = "<group>"; };
		DD607EAA252429040073BC47 /* HomeController.swift */ = {isa = PBXFileReference; lastKnownFileType = sourcecode.swift; path = HomeController.swift; sourceTree = "<group>"; };
		DD607EAC2524296B0073BC47 /* UserProfileController.swift */ = {isa = PBXFileReference; lastKnownFileType = sourcecode.swift; path = UserProfileController.swift; sourceTree = "<group>"; };
		DD607EAE252435A00073BC47 /* Service.swift */ = {isa = PBXFileReference; lastKnownFileType = sourcecode.swift; path = Service.swift; sourceTree = "<group>"; };
		DD607EB0252452BB0073BC47 /* WelcomeController.swift */ = {isa = PBXFileReference; lastKnownFileType = sourcecode.swift; path = WelcomeController.swift; sourceTree = "<group>"; };
/* End PBXFileReference section */

/* Begin PBXFrameworksBuildPhase section */
		DD607E89252413200073BC47 /* Frameworks */ = {
			isa = PBXFrameworksBuildPhase;
			buildActionMask = 2147483647;
			files = (
				163576BB3B042EC18D221F83 /* Pods_firebaseSocialLoginPractice.framework in Frameworks */,
			);
			runOnlyForDeploymentPostprocessing = 0;
		};
/* End PBXFrameworksBuildPhase section */

/* Begin PBXGroup section */
		1651E2316B21EDD725CDB2C4 /* Frameworks */ = {
			isa = PBXGroup;
			children = (
				0F3EED38B5C3CA13EEB77ED9 /* Pods_firebaseSocialLoginPractice.framework */,
			);
			name = Frameworks;
			sourceTree = "<group>";
		};
		3773CDB5CE34C059B697CB75 /* Pods */ = {
			isa = PBXGroup;
			children = (
				1F0828C845D719AC515D2B5A /* Pods-firebaseSocialLoginPractice.debug.xcconfig */,
				1ADE9C1B9F6DBB9DDD4DB299 /* Pods-firebaseSocialLoginPractice.release.xcconfig */,
			);
			path = Pods;
			sourceTree = "<group>";
		};
		DD607E83252413200073BC47 = {
			isa = PBXGroup;
			children = (
				DD607E8E252413200073BC47 /* firebaseSocialLoginPractice */,
				DD607E8D252413200073BC47 /* Products */,
				3773CDB5CE34C059B697CB75 /* Pods */,
				1651E2316B21EDD725CDB2C4 /* Frameworks */,
			);
			sourceTree = "<group>";
		};
		DD607E8D252413200073BC47 /* Products */ = {
			isa = PBXGroup;
			children = (
				DD607E8C252413200073BC47 /* firebaseSocialLoginPractice.app */,
			);
			name = Products;
			sourceTree = "<group>";
		};
		DD607E8E252413200073BC47 /* firebaseSocialLoginPractice */ = {
			isa = PBXGroup;
			children = (
				DD607E8F252413200073BC47 /* AppDelegate.swift */,
				DD607E91252413200073BC47 /* SceneDelegate.swift */,
				DD607E93252413200073BC47 /* ViewController.swift */,
				DD607EA8252427A10073BC47 /* MainTableBarController.swift */,
				DD607EAA252429040073BC47 /* HomeController.swift */,
				DD607EAC2524296B0073BC47 /* UserProfileController.swift */,
				DD607EB0252452BB0073BC47 /* WelcomeController.swift */,
				DD607EAE252435A00073BC47 /* Service.swift */,
				DD607E9B252413220073BC47 /* Assets.xcassets */,
				DD607E9D252413220073BC47 /* LaunchScreen.storyboard */,
				DD607EA0252413220073BC47 /* Info.plist */,
				DD607EA6252415FF0073BC47 /* GoogleService-Info.plist */,
				DD607E98252413200073BC47 /* firebaseSocialLoginPractice.xcdatamodeld */,
			);
			path = firebaseSocialLoginPractice;
			sourceTree = "<group>";
		};
/* End PBXGroup section */

/* Begin PBXNativeTarget section */
		DD607E8B252413200073BC47 /* firebaseSocialLoginPractice */ = {
			isa = PBXNativeTarget;
			buildConfigurationList = DD607EA3252413220073BC47 /* Build configuration list for PBXNativeTarget "firebaseSocialLoginPractice" */;
			buildPhases = (
				6CBD56FB17582CB855061431 /* [CP] Check Pods Manifest.lock */,
				DD607E88252413200073BC47 /* Sources */,
				DD607E89252413200073BC47 /* Frameworks */,
				DD607E8A252413200073BC47 /* Resources */,
				4C78E9A49EAF9CD324E3D878 /* [CP] Embed Pods Frameworks */,
				6D65ABF3204C1B5F6F7DD70F /* [CP] Copy Pods Resources */,
			);
			buildRules = (
			);
			dependencies = (
			);
			name = firebaseSocialLoginPractice;
			productName = firebaseSocialLoginPractice;
			productReference = DD607E8C252413200073BC47 /* firebaseSocialLoginPractice.app */;
			productType = "com.apple.product-type.application";
		};
/* End PBXNativeTarget section */

/* Begin PBXProject section */
		DD607E84252413200073BC47 /* Project object */ = {
			isa = PBXProject;
			attributes = {
				LastSwiftUpdateCheck = 1170;
				LastUpgradeCheck = 1170;
				ORGANIZATIONNAME = com.dltic;
				TargetAttributes = {
					DD607E8B252413200073BC47 = {
						CreatedOnToolsVersion = 11.7;
					};
				};
			};
			buildConfigurationList = DD607E87252413200073BC47 /* Build configuration list for PBXProject "firebaseSocialLoginPractice" */;
			compatibilityVersion = "Xcode 9.3";
			developmentRegion = en;
			hasScannedForEncodings = 0;
			knownRegions = (
				en,
				Base,
			);
			mainGroup = DD607E83252413200073BC47;
			productRefGroup = DD607E8D252413200073BC47 /* Products */;
			projectDirPath = "";
			projectRoot = "";
			targets = (
				DD607E8B252413200073BC47 /* firebaseSocialLoginPractice */,
			);
		};
/* End PBXProject section */

/* Begin PBXResourcesBuildPhase section */
		DD607E8A252413200073BC47 /* Resources */ = {
			isa = PBXResourcesBuildPhase;
			buildActionMask = 2147483647;
			files = (
				DD607E9F252413220073BC47 /* LaunchScreen.storyboard in Resources */,
				DD607EA7252415FF0073BC47 /* GoogleService-Info.plist in Resources */,
				DD607E9C252413220073BC47 /* Assets.xcassets in Resources */,
			);
			runOnlyForDeploymentPostprocessing = 0;
		};
/* End PBXResourcesBuildPhase section */

/* Begin PBXShellScriptBuildPhase section */
		4C78E9A49EAF9CD324E3D878 /* [CP] Embed Pods Frameworks */ = {
			isa = PBXShellScriptBuildPhase;
			buildActionMask = 2147483647;
			files = (
			);
			inputFileListPaths = (
				"${PODS_ROOT}/Target Support Files/Pods-firebaseSocialLoginPractice/Pods-firebaseSocialLoginPractice-frameworks-${CONFIGURATION}-input-files.xcfilelist",
			);
			name = "[CP] Embed Pods Frameworks";
			outputFileListPaths = (
				"${PODS_ROOT}/Target Support Files/Pods-firebaseSocialLoginPractice/Pods-firebaseSocialLoginPractice-frameworks-${CONFIGURATION}-output-files.xcfilelist",
			);
			runOnlyForDeploymentPostprocessing = 0;
			shellPath = /bin/sh;
			shellScript = "\"${PODS_ROOT}/Target Support Files/Pods-firebaseSocialLoginPractice/Pods-firebaseSocialLoginPractice-frameworks.sh\"\n";
			showEnvVarsInLog = 0;
		};
		6CBD56FB17582CB855061431 /* [CP] Check Pods Manifest.lock */ = {
			isa = PBXShellScriptBuildPhase;
			buildActionMask = 2147483647;
			files = (
			);
			inputFileListPaths = (
			);
			inputPaths = (
				"${PODS_PODFILE_DIR_PATH}/Podfile.lock",
				"${PODS_ROOT}/Manifest.lock",
			);
			name = "[CP] Check Pods Manifest.lock";
			outputFileListPaths = (
			);
			outputPaths = (
				"$(DERIVED_FILE_DIR)/Pods-firebaseSocialLoginPractice-checkManifestLockResult.txt",
			);
			runOnlyForDeploymentPostprocessing = 0;
			shellPath = /bin/sh;
			shellScript = "diff \"${PODS_PODFILE_DIR_PATH}/Podfile.lock\" \"${PODS_ROOT}/Manifest.lock\" > /dev/null\nif [ $? != 0 ] ; then\n    # print error to STDERR\n    echo \"error: The sandbox is not in sync with the Podfile.lock. Run 'pod install' or update your CocoaPods installation.\" >&2\n    exit 1\nfi\n# This output is used by Xcode 'outputs' to avoid re-running this script phase.\necho \"SUCCESS\" > \"${SCRIPT_OUTPUT_FILE_0}\"\n";
			showEnvVarsInLog = 0;
		};
		6D65ABF3204C1B5F6F7DD70F /* [CP] Copy Pods Resources */ = {
			isa = PBXShellScriptBuildPhase;
			buildActionMask = 2147483647;
			files = (
			);
			inputFileListPaths = (
				"${PODS_ROOT}/Target Support Files/Pods-firebaseSocialLoginPractice/Pods-firebaseSocialLoginPractice-resources-${CONFIGURATION}-input-files.xcfilelist",
			);
			name = "[CP] Copy Pods Resources";
			outputFileListPaths = (
				"${PODS_ROOT}/Target Support Files/Pods-firebaseSocialLoginPractice/Pods-firebaseSocialLoginPractice-resources-${CONFIGURATION}-output-files.xcfilelist",
			);
			runOnlyForDeploymentPostprocessing = 0;
			shellPath = /bin/sh;
			shellScript = "\"${PODS_ROOT}/Target Support Files/Pods-firebaseSocialLoginPractice/Pods-firebaseSocialLoginPractice-resources.sh\"\n";
			showEnvVarsInLog = 0;
		};
/* End PBXShellScriptBuildPhase section */

/* Begin PBXSourcesBuildPhase section */
		DD607E88252413200073BC47 /* Sources */ = {
			isa = PBXSourcesBuildPhase;
			buildActionMask = 2147483647;
			files = (
				DD607E9A252413200073BC47 /* firebaseSocialLoginPractice.xcdatamodeld in Sources */,
				DD607EAF252435A00073BC47 /* Service.swift in Sources */,
				DD607EB1252452BB0073BC47 /* WelcomeController.swift in Sources */,
				DD607E94252413200073BC47 /* ViewController.swift in Sources */,
				DD607EAB252429040073BC47 /* HomeController.swift in Sources */,
				DD607EA9252427A10073BC47 /* MainTableBarController.swift in Sources */,
				DD607EAD2524296B0073BC47 /* UserProfileController.swift in Sources */,
				DD607E90252413200073BC47 /* AppDelegate.swift in Sources */,
				DD607E92252413200073BC47 /* SceneDelegate.swift in Sources */,
			);
			runOnlyForDeploymentPostprocessing = 0;
		};
/* End PBXSourcesBuildPhase section */

/* Begin PBXVariantGroup section */
		DD607E9D252413220073BC47 /* LaunchScreen.storyboard */ = {
			isa = PBXVariantGroup;
			children = (
				DD607E9E252413220073BC47 /* Base */,
			);
			name = LaunchScreen.storyboard;
			sourceTree = "<group>";
		};
/* End PBXVariantGroup section */

/* Begin XCBuildConfiguration section */
		DD607EA1252413220073BC47 /* Debug */ = {
			isa = XCBuildConfiguration;
			buildSettings = {
				ALWAYS_SEARCH_USER_PATHS = NO;
				CLANG_ANALYZER_NONNULL = YES;
				CLANG_ANALYZER_NUMBER_OBJECT_CONVERSION = YES_AGGRESSIVE;
				CLANG_CXX_LANGUAGE_STANDARD = "gnu++14";
				CLANG_CXX_LIBRARY = "libc++";
				CLANG_ENABLE_MODULES = YES;
				CLANG_ENABLE_OBJC_ARC = YES;
				CLANG_ENABLE_OBJC_WEAK = YES;
				CLANG_WARN_BLOCK_CAPTURE_AUTORELEASING = YES;
				CLANG_WARN_BOOL_CONVERSION = YES;
				CLANG_WARN_COMMA = YES;
				CLANG_WARN_CONSTANT_CONVERSION = YES;
				CLANG_WARN_DEPRECATED_OBJC_IMPLEMENTATIONS = YES;
				CLANG_WARN_DIRECT_OBJC_ISA_USAGE = YES_ERROR;
				CLANG_WARN_DOCUMENTATION_COMMENTS = YES;
				CLANG_WARN_EMPTY_BODY = YES;
				CLANG_WARN_ENUM_CONVERSION = YES;
				CLANG_WARN_INFINITE_RECURSION = YES;
				CLANG_WARN_INT_CONVERSION = YES;
				CLANG_WARN_NON_LITERAL_NULL_CONVERSION = YES;
				CLANG_WARN_OBJC_IMPLICIT_RETAIN_SELF = YES;
				CLANG_WARN_OBJC_LITERAL_CONVERSION = YES;
				CLANG_WARN_OBJC_ROOT_CLASS = YES_ERROR;
				CLANG_WARN_RANGE_LOOP_ANALYSIS = YES;
				CLANG_WARN_STRICT_PROTOTYPES = YES;
				CLANG_WARN_SUSPICIOUS_MOVE = YES;
				CLANG_WARN_UNGUARDED_AVAILABILITY = YES_AGGRESSIVE;
				CLANG_WARN_UNREACHABLE_CODE = YES;
				CLANG_WARN__DUPLICATE_METHOD_MATCH = YES;
				COPY_PHASE_STRIP = NO;
				DEBUG_INFORMATION_FORMAT = dwarf;
				ENABLE_STRICT_OBJC_MSGSEND = YES;
				ENABLE_TESTABILITY = YES;
				GCC_C_LANGUAGE_STANDARD = gnu11;
				GCC_DYNAMIC_NO_PIC = NO;
				GCC_NO_COMMON_BLOCKS = YES;
				GCC_OPTIMIZATION_LEVEL = 0;
				GCC_PREPROCESSOR_DEFINITIONS = (
					"DEBUG=1",
					"$(inherited)",
				);
				GCC_WARN_64_TO_32_BIT_CONVERSION = YES;
				GCC_WARN_ABOUT_RETURN_TYPE = YES_ERROR;
				GCC_WARN_UNDECLARED_SELECTOR = YES;
				GCC_WARN_UNINITIALIZED_AUTOS = YES_AGGRESSIVE;
				GCC_WARN_UNUSED_FUNCTION = YES;
				GCC_WARN_UNUSED_VARIABLE = YES;
				IPHONEOS_DEPLOYMENT_TARGET = 13.7;
				MTL_ENABLE_DEBUG_INFO = INCLUDE_SOURCE;
				MTL_FAST_MATH = YES;
				ONLY_ACTIVE_ARCH = YES;
				SDKROOT = iphoneos;
				SWIFT_ACTIVE_COMPILATION_CONDITIONS = DEBUG;
				SWIFT_OPTIMIZATION_LEVEL = "-Onone";
			};
			name = Debug;
		};
		DD607EA2252413220073BC47 /* Release */ = {
			isa = XCBuildConfiguration;
			buildSettings = {
				ALWAYS_SEARCH_USER_PATHS = NO;
				CLANG_ANALYZER_NONNULL = YES;
				CLANG_ANALYZER_NUMBER_OBJECT_CONVERSION = YES_AGGRESSIVE;
				CLANG_CXX_LANGUAGE_STANDARD = "gnu++14";
				CLANG_CXX_LIBRARY = "libc++";
				CLANG_ENABLE_MODULES = YES;
				CLANG_ENABLE_OBJC_ARC = YES;
				CLANG_ENABLE_OBJC_WEAK = YES;
				CLANG_WARN_BLOCK_CAPTURE_AUTORELEASING = YES;
				CLANG_WARN_BOOL_CONVERSION = YES;
				CLANG_WARN_COMMA = YES;
				CLANG_WARN_CONSTANT_CONVERSION = YES;
				CLANG_WARN_DEPRECATED_OBJC_IMPLEMENTATIONS = YES;
				CLANG_WARN_DIRECT_OBJC_ISA_USAGE = YES_ERROR;
				CLANG_WARN_DOCUMENTATION_COMMENTS = YES;
				CLANG_WARN_EMPTY_BODY = YES;
				CLANG_WARN_ENUM_CONVERSION = YES;
				CLANG_WARN_INFINITE_RECURSION = YES;
				CLANG_WARN_INT_CONVERSION = YES;
				CLANG_WARN_NON_LITERAL_NULL_CONVERSION = YES;
				CLANG_WARN_OBJC_IMPLICIT_RETAIN_SELF = YES;
				CLANG_WARN_OBJC_LITERAL_CONVERSION = YES;
				CLANG_WARN_OBJC_ROOT_CLASS = YES_ERROR;
				CLANG_WARN_RANGE_LOOP_ANALYSIS = YES;
				CLANG_WARN_STRICT_PROTOTYPES = YES;
				CLANG_WARN_SUSPICIOUS_MOVE = YES;
				CLANG_WARN_UNGUARDED_AVAILABILITY = YES_AGGRESSIVE;
				CLANG_WARN_UNREACHABLE_CODE = YES;
				CLANG_WARN__DUPLICATE_METHOD_MATCH = YES;
				COPY_PHASE_STRIP = NO;
				DEBUG_INFORMATION_FORMAT = "dwarf-with-dsym";
				ENABLE_NS_ASSERTIONS = NO;
				ENABLE_STRICT_OBJC_MSGSEND = YES;
				GCC_C_LANGUAGE_STANDARD = gnu11;
				GCC_NO_COMMON_BLOCKS = YES;
				GCC_WARN_64_TO_32_BIT_CONVERSION = YES;
				GCC_WARN_ABOUT_RETURN_TYPE = YES_ERROR;
				GCC_WARN_UNDECLARED_SELECTOR = YES;
				GCC_WARN_UNINITIALIZED_AUTOS = YES_AGGRESSIVE;
				GCC_WARN_UNUSED_FUNCTION = YES;
				GCC_WARN_UNUSED_VARIABLE = YES;
				IPHONEOS_DEPLOYMENT_TARGET = 13.7;
				MTL_ENABLE_DEBUG_INFO = NO;
				MTL_FAST_MATH = YES;
				SDKROOT = iphoneos;
				SWIFT_COMPILATION_MODE = wholemodule;
				SWIFT_OPTIMIZATION_LEVEL = "-O";
				VALIDATE_PRODUCT = YES;
			};
			name = Release;
		};
		DD607EA4252413220073BC47 /* Debug */ = {
			isa = XCBuildConfiguration;
			baseConfigurationReference = 1F0828C845D719AC515D2B5A /* Pods-firebaseSocialLoginPractice.debug.xcconfig */;
			buildSettings = {
				ASSETCATALOG_COMPILER_APPICON_NAME = AppIcon;
				CODE_SIGN_STYLE = Automatic;
				DEVELOPMENT_TEAM = 75Z834AYX6;
				INFOPLIST_FILE = firebaseSocialLoginPractice/Info.plist;
				LD_RUNPATH_SEARCH_PATHS = (
					"$(inherited)",
					"@executable_path/Frameworks",
				);
				PRODUCT_BUNDLE_IDENTIFIER = com.dltic.firebaseSocialLoginPractice;
				PRODUCT_NAME = "$(TARGET_NAME)";
				SWIFT_VERSION = 5.0;
				TARGETED_DEVICE_FAMILY = "1,2";
			};
			name = Debug;
		};
		DD607EA5252413220073BC47 /* Release */ = {
			isa = XCBuildConfiguration;
			baseConfigurationReference = 1ADE9C1B9F6DBB9DDD4DB299 /* Pods-firebaseSocialLoginPractice.release.xcconfig */;
			buildSettings = {
				ASSETCATALOG_COMPILER_APPICON_NAME = AppIcon;
				CODE_SIGN_STYLE = Automatic;
				DEVELOPMENT_TEAM = 75Z834AYX6;
				INFOPLIST_FILE = firebaseSocialLoginPractice/Info.plist;
				LD_RUNPATH_SEARCH_PATHS = (
					"$(inherited)",
					"@executable_path/Frameworks",
				);
				PRODUCT_BUNDLE_IDENTIFIER = com.dltic.firebaseSocialLoginPractice;
				PRODUCT_NAME = "$(TARGET_NAME)";
				SWIFT_VERSION = 5.0;
				TARGETED_DEVICE_FAMILY = "1,2";
			};
			name = Release;
		};
/* End XCBuildConfiguration section */

/* Begin XCConfigurationList section */
		DD607E87252413200073BC47 /* Build configuration list for PBXProject "firebaseSocialLoginPractice" */ = {
			isa = XCConfigurationList;
			buildConfigurations = (
				DD607EA1252413220073BC47 /* Debug */,
				DD607EA2252413220073BC47 /* Release */,
			);
			defaultConfigurationIsVisible = 0;
			defaultConfigurationName = Release;
		};
		DD607EA3252413220073BC47 /* Build configuration list for PBXNativeTarget "firebaseSocialLoginPractice" */ = {
			isa = XCConfigurationList;
			buildConfigurations = (
				DD607EA4252413220073BC47 /* Debug */,
				DD607EA5252413220073BC47 /* Release */,
			);
			defaultConfigurationIsVisible = 0;
			defaultConfigurationName = Release;
		};
/* End XCConfigurationList section */

/* Begin XCVersionGroup section */
		DD607E98252413200073BC47 /* firebaseSocialLoginPractice.xcdatamodeld */ = {
			isa = XCVersionGroup;
			children = (
				DD607E99252413200073BC47 /* firebaseSocialLoginPractice.xcdatamodel */,
			);
			currentVersion = DD607E99252413200073BC47 /* firebaseSocialLoginPractice.xcdatamodel */;
			path = firebaseSocialLoginPractice.xcdatamodeld;
			sourceTree = "<group>";
			versionGroupType = wrapper.xcdatamodel;
		};
/* End XCVersionGroup section */
	};
	rootObject = DD607E84252413200073BC47 /* Project object */;
}
